<?xml version="1.0" encoding="utf-8"?>
<Project ToolsVersion="17.0" xmlns="http://schemas.microsoft.com/developer/msbuild/2003">
  <ItemGroup>
    <ClCompile Include="C:\GameMath\gamemath-6-1\Source\Runtime\Renderer\Precompiled.cpp" />
    <ClCompile Include="C:\GameMath\gamemath-6-1\Source\Runtime\Renderer\Private\2D\Shader.cpp">
      <Filter>Private\2D</Filter>
    </ClCompile>
    <ClCompile Include="C:\GameMath\gamemath-6-1\Source\Runtime\Renderer\Private\2D\Vertex.cpp">
      <Filter>Private\2D</Filter>
    </ClCompile>
    <ClCompile Include="C:\GameMath\gamemath-6-1\Source\Runtime\Renderer\Private\3D\PerspectiveTest.cpp">
      <Filter>Private\3D</Filter>
    </ClCompile>
    <ClCompile Include="C:\GameMath\gamemath-6-1\Source\Runtime\Renderer\Private\3D\Shader.cpp">
      <Filter>Private\3D</Filter>
    </ClCompile>
    <ClCompile Include="C:\GameMath\gamemath-6-1\Source\Runtime\Renderer\Private\3D\Vertex.cpp">
      <Filter>Private\3D</Filter>
    </ClCompile>
    <ClCompile Include="C:\GameMath\gamemath-6-1\Source\Runtime\Renderer\Private\Windows\WindowsGDI.cpp">
      <Filter>Private\Windows</Filter>
    </ClCompile>
    <ClCompile Include="C:\GameMath\gamemath-6-1\Source\Runtime\Renderer\Private\Windows\WindowsRSI.cpp">
      <Filter>Private\Windows</Filter>
    </ClCompile>
  </ItemGroup>
  <ItemGroup>
    <ClInclude Include="C:\GameMath\gamemath-6-1\Source\Runtime\Renderer\Precompiled.h" />
    <ClInclude Include="C:\GameMath\gamemath-6-1\Source\Runtime\Renderer\Public\2D\Shader.h">
      <Filter>Public\2D</Filter>
    </ClInclude>
    <ClInclude Include="C:\GameMath\gamemath-6-1\Source\Runtime\Renderer\Public\2D\Vertex.h">
      <Filter>Public\2D</Filter>
    </ClInclude>
    <ClInclude Include="C:\GameMath\gamemath-6-1\Source\Runtime\Renderer\Public\3D\PerspectiveTest.h">
      <Filter>Public\3D</Filter>
    </ClInclude>
    <ClInclude Include="C:\GameMath\gamemath-6-1\Source\Runtime\Renderer\Public\3D\Shader.h">
      <Filter>Public\3D</Filter>
    </ClInclude>
    <ClInclude Include="C:\GameMath\gamemath-6-1\Source\Runtime\Renderer\Public\3D\Vertex.h">
      <Filter>Public\3D</Filter>
    </ClInclude>
    <ClInclude Include="C:\GameMath\gamemath-6-1\Source\Runtime\Renderer\Public\RendererHeaders.h">
      <Filter>Public</Filter>
    </ClInclude>
    <ClInclude Include="C:\GameMath\gamemath-6-1\Source\Runtime\Renderer\Public\RendererInterface.h">
      <Filter>Public</Filter>
    </ClInclude>
    <ClInclude Include="C:\GameMath\gamemath-6-1\Source\Runtime\Renderer\Public\Windows\WindowsGDI.h">
      <Filter>Public\Windows</Filter>
    </ClInclude>
    <ClInclude Include="C:\GameMath\gamemath-6-1\Source\Runtime\Renderer\Public\Windows\WindowsRSI.h">
      <Filter>Public\Windows</Filter>
    </ClInclude>
  </ItemGroup>
  <ItemGroup>
    <Filter Include="Private">
      <UniqueIdentifier>{FDEB26EC-DE01-3F1B-9F7D-544BA8CAA56F}</UniqueIdentifier>
    </Filter>
    <Filter Include="Private\2D">
      <UniqueIdentifier>{D650D212-B296-3409-B637-76482A9953F8}</UniqueIdentifier>
    </Filter>
    <Filter Include="Private\3D">
      <UniqueIdentifier>{901C2D63-C937-3ECC-BEBC-11494705BF81}</UniqueIdentifier>
    </Filter>
    <Filter Include="Private\Windows">
      <UniqueIdentifier>{7CD3A7EA-4934-3F51-BDE1-91D518F0F6CA}</UniqueIdentifier>
    </Filter>
    <Filter Include="Public">
      <UniqueIdentifier>{84821B02-9053-34FC-940C-5AE2D7C953EC}</UniqueIdentifier>
    </Filter>
    <Filter Include="Public\2D">
      <UniqueIdentifier>{F6E7D91F-5C52-34EF-A454-1A09B464AD15}</UniqueIdentifier>
    </Filter>
    <Filter Include="Public\3D">
      <UniqueIdentifier>{78777DD8-651E-3193-8A59-DF2CD4A97FEE}</UniqueIdentifier>
    </Filter>
    <Filter Include="Public\Windows">
      <UniqueIdentifier>{41631889-FED1-3227-A4EF-2A8CB8700051}</UniqueIdentifier>
    </Filter>
  </ItemGroup>
</Project>
