
Microsoft Visual Studio Solution File, Format Version 12.00
# Visual Studio Version 17
Project("{2150E333-8FDC-42A3-9474-1A3956D46DE8}") = "CMakePredefinedTargets", "CMakePredefinedTargets", "{9629AF08-36A5-3D21-A8EE-94406007762F}"
EndProject
Project("{8BC9CEB8-8B4A-11D0-8D11-00A0C91BC942}") = "ALL_BUILD", "ALL_BUILD.vcxproj", "{A7802795-4539-3ECB-9938-4BE4CEDBBCED}"
	ProjectSection(ProjectDependencies) = postProject
		{4E77DD25-4716-3242-8F66-A264EF87D883} = {4E77DD25-4716-3242-8F66-A264EF87D883}
	EndProjectSection
EndProject
Project("{8BC9CEB8-8B4A-11D0-8D11-00A0C91BC942}") = "EngineModule", "EngineModule.vcxproj", "{4E77DD25-4716-3242-8F66-A264EF87D883}"
	ProjectSection(ProjectDependencies) = postProject
		{94491544-795A-33CC-B4D2-74D1CDEC01D1} = {94491544-795A-33CC-B4D2-74D1CDEC01D1}
		{1A0FCAE9-F3D6-3B28-9680-10FFA68F92BF} = {1A0FCAE9-F3D6-3B28-9680-10FFA68F92BF}
	EndProjectSection
EndProject
Project("{8BC9CEB8-8B4A-11D0-8D11-00A0C91BC942}") = "MathModule", "..\Math\MathModule.vcxproj", "{94491544-795A-33CC-B4D2-74D1CDEC01D1}"
	ProjectSection(ProjectDependencies) = postProject
	EndProjectSection
EndProject
Project("{8BC9CEB8-8B4A-11D0-8D11-00A0C91BC942}") = "RendererModule", "..\Renderer\RendererModule.vcxproj", "{1A0FCAE9-F3D6-3B28-9680-10FFA68F92BF}"
	ProjectSection(ProjectDependencies) = postProject
		{94491544-795A-33CC-B4D2-74D1CDEC01D1} = {94491544-795A-33CC-B4D2-74D1CDEC01D1}
	EndProjectSection
EndProject
Global
	GlobalSection(SolutionConfigurationPlatforms) = preSolution
		Debug|x64 = Debug|x64
		Release|x64 = Release|x64
		MinSizeRel|x64 = MinSizeRel|x64
		RelWithDebInfo|x64 = RelWithDebInfo|x64
	EndGlobalSection
	GlobalSection(ProjectConfigurationPlatforms) = postSolution
		{A7802795-4539-3ECB-9938-4BE4CEDBBCED}.Debug|x64.ActiveCfg = Debug|x64
		{A7802795-4539-3ECB-9938-4BE4CEDBBCED}.Release|x64.ActiveCfg = Release|x64
		{A7802795-4539-3ECB-9938-4BE4CEDBBCED}.MinSizeRel|x64.ActiveCfg = MinSizeRel|x64
		{A7802795-4539-3ECB-9938-4BE4CEDBBCED}.RelWithDebInfo|x64.ActiveCfg = RelWithDebInfo|x64
		{4E77DD25-4716-3242-8F66-A264EF87D883}.Debug|x64.ActiveCfg = Debug|x64
		{4E77DD25-4716-3242-8F66-A264EF87D883}.Debug|x64.Build.0 = Debug|x64
		{4E77DD25-4716-3242-8F66-A264EF87D883}.Release|x64.ActiveCfg = Release|x64
		{4E77DD25-4716-3242-8F66-A264EF87D883}.Release|x64.Build.0 = Release|x64
		{4E77DD25-4716-3242-8F66-A264EF87D883}.MinSizeRel|x64.ActiveCfg = MinSizeRel|x64
		{4E77DD25-4716-3242-8F66-A264EF87D883}.MinSizeRel|x64.Build.0 = MinSizeRel|x64
		{4E77DD25-4716-3242-8F66-A264EF87D883}.RelWithDebInfo|x64.ActiveCfg = RelWithDebInfo|x64
		{4E77DD25-4716-3242-8F66-A264EF87D883}.RelWithDebInfo|x64.Build.0 = RelWithDebInfo|x64
		{94491544-795A-33CC-B4D2-74D1CDEC01D1}.Debug|x64.ActiveCfg = Debug|x64
		{94491544-795A-33CC-B4D2-74D1CDEC01D1}.Debug|x64.Build.0 = Debug|x64
		{94491544-795A-33CC-B4D2-74D1CDEC01D1}.Release|x64.ActiveCfg = Release|x64
		{94491544-795A-33CC-B4D2-74D1CDEC01D1}.Release|x64.Build.0 = Release|x64
		{94491544-795A-33CC-B4D2-74D1CDEC01D1}.MinSizeRel|x64.ActiveCfg = MinSizeRel|x64
		{94491544-795A-33CC-B4D2-74D1CDEC01D1}.MinSizeRel|x64.Build.0 = MinSizeRel|x64
		{94491544-795A-33CC-B4D2-74D1CDEC01D1}.RelWithDebInfo|x64.ActiveCfg = RelWithDebInfo|x64
		{94491544-795A-33CC-B4D2-74D1CDEC01D1}.RelWithDebInfo|x64.Build.0 = RelWithDebInfo|x64
		{1A0FCAE9-F3D6-3B28-9680-10FFA68F92BF}.Debug|x64.ActiveCfg = Debug|x64
		{1A0FCAE9-F3D6-3B28-9680-10FFA68F92BF}.Debug|x64.Build.0 = Debug|x64
		{1A0FCAE9-F3D6-3B28-9680-10FFA68F92BF}.Release|x64.ActiveCfg = Release|x64
		{1A0FCAE9-F3D6-3B28-9680-10FFA68F92BF}.Release|x64.Build.0 = Release|x64
		{1A0FCAE9-F3D6-3B28-9680-10FFA68F92BF}.MinSizeRel|x64.ActiveCfg = MinSizeRel|x64
		{1A0FCAE9-F3D6-3B28-9680-10FFA68F92BF}.MinSizeRel|x64.Build.0 = MinSizeRel|x64
		{1A0FCAE9-F3D6-3B28-9680-10FFA68F92BF}.RelWithDebInfo|x64.ActiveCfg = RelWithDebInfo|x64
		{1A0FCAE9-F3D6-3B28-9680-10FFA68F92BF}.RelWithDebInfo|x64.Build.0 = RelWithDebInfo|x64
	EndGlobalSection
	GlobalSection(NestedProjects) = preSolution
		{A7802795-4539-3ECB-9938-4BE4CEDBBCED} = {9629AF08-36A5-3D21-A8EE-94406007762F}
	EndGlobalSection
	GlobalSection(ExtensibilityGlobals) = postSolution
		SolutionGuid = {89D4BB8B-48E4-3F7D-AD31-924DDC699058}
	EndGlobalSection
	GlobalSection(ExtensibilityAddIns) = postSolution
	EndGlobalSection
EndGlobal
