<?xml version="1.0" encoding="utf-8"?>
<Project ToolsVersion="17.0" xmlns="http://schemas.microsoft.com/developer/msbuild/2003">
  <ItemGroup>
    <ClCompile Include="C:\GameMath\gamemath-8-4\Source\Player\Precompiled.cpp" />
    <ClCompile Include="C:\GameMath\gamemath-8-4\Source\Player\Private\SystemInputManager.cpp">
      <Filter>Private</Filter>
    </ClCompile>
    <ClCompile Include="C:\GameMath\gamemath-8-4\Source\Player\SoftRenderer.cpp" />
    <ClCompile Include="C:\GameMath\gamemath-8-4\Source\Player\SoftRenderer2D.cpp" />
    <ClCompile Include="C:\GameMath\gamemath-8-4\Source\Player\SoftRenderer3D.cpp" />
    <ClCompile Include="C:\GameMath\gamemath-8-4\Source\Player\Private\Windows\WindowsApp.cpp">
      <Filter>Private\Windows</Filter>
    </ClCompile>
  </ItemGroup>
  <ItemGroup>
    <ClInclude Include="C:\GameMath\gamemath-8-4\Source\Player\Precompiled.h" />
    <ClInclude Include="C:\GameMath\gamemath-8-4\Source\Player\SoftRenderer.h" />
    <ClInclude Include="C:\GameMath\gamemath-8-4\Source\Player\SystemInputManager.h" />
    <ClInclude Include="C:\GameMath\gamemath-8-4\Source\Player\Private\Windows\Res\resource.h">
      <Filter>Private\Windows\Res</Filter>
    </ClInclude>
    <ClInclude Include="C:\GameMath\gamemath-8-4\Source\Player\Private\Windows\WindowsPlayer.h">
      <Filter>Private\Windows</Filter>
    </ClInclude>
    <ClInclude Include="C:\GameMath\gamemath-8-4\Source\Player\Private\Windows\WindowsUtil.h">
      <Filter>Private\Windows</Filter>
    </ClInclude>
  </ItemGroup>
  <ItemGroup>
    <None Include="C:\GameMath\gamemath-8-4\Source\Player\Private\Windows\Res\player.ico">
      <Filter>Private\Windows\Res</Filter>
    </None>
    <None Include="C:\GameMath\gamemath-8-4\Source\Player\Private\Windows\Res\player_small.ico">
      <Filter>Private\Windows\Res</Filter>
    </None>
  </ItemGroup>
  <ItemGroup>
    <ResourceCompile Include="C:\GameMath\gamemath-8-4\Source\Player\Private\Windows\Res\player.rc">
      <Filter>Private\Windows\Res</Filter>
    </ResourceCompile>
  </ItemGroup>
  <ItemGroup>
    <Filter Include="Private">
      <UniqueIdentifier>{C1EB743C-5E36-3EBB-ADDC-F56A426698EF}</UniqueIdentifier>
    </Filter>
    <Filter Include="Private\Windows">
      <UniqueIdentifier>{DEA5A913-09E6-3432-9894-62F026614949}</UniqueIdentifier>
    </Filter>
    <Filter Include="Private\Windows\Res">
      <UniqueIdentifier>{751C34D0-4F1E-393F-AC2E-01D59CBDDE29}</UniqueIdentifier>
    </Filter>
  </ItemGroup>
</Project>
