<?xml version="1.0" encoding="utf-8"?>
<Project ToolsVersion="17.0" xmlns="http://schemas.microsoft.com/developer/msbuild/2003">
  <ItemGroup>
    <ClCompile Include="C:\GameMath\gamemath-4-3c\Source\Player\Precompiled.cpp" />
    <ClCompile Include="C:\GameMath\gamemath-4-3c\Source\Player\Private\SystemInputManager.cpp">
      <Filter>Private</Filter>
    </ClCompile>
    <ClCompile Include="C:\GameMath\gamemath-4-3c\Source\Player\SoftRenderer.cpp" />
    <ClCompile Include="C:\GameMath\gamemath-4-3c\Source\Player\SoftRenderer2D.cpp" />
    <ClCompile Include="C:\GameMath\gamemath-4-3c\Source\Player\SoftRenderer3D.cpp" />
    <ClCompile Include="C:\GameMath\gamemath-4-3c\Source\Player\Private\Windows\WindowsApp.cpp">
      <Filter>Private\Windows</Filter>
    </ClCompile>
  </ItemGroup>
  <ItemGroup>
    <ClInclude Include="C:\GameMath\gamemath-4-3c\Source\Player\Precompiled.h" />
    <ClInclude Include="C:\GameMath\gamemath-4-3c\Source\Player\SoftRenderer.h" />
    <ClInclude Include="C:\GameMath\gamemath-4-3c\Source\Player\SystemInputManager.h" />
    <ClInclude Include="C:\GameMath\gamemath-4-3c\Source\Player\Private\Windows\Res\resource.h">
      <Filter>Private\Windows\Res</Filter>
    </ClInclude>
    <ClInclude Include="C:\GameMath\gamemath-4-3c\Source\Player\Private\Windows\WindowsPlayer.h">
      <Filter>Private\Windows</Filter>
    </ClInclude>
    <ClInclude Include="C:\GameMath\gamemath-4-3c\Source\Player\Private\Windows\WindowsUtil.h">
      <Filter>Private\Windows</Filter>
    </ClInclude>
  </ItemGroup>
  <ItemGroup>
    <None Include="C:\GameMath\gamemath-4-3c\Source\Player\Private\Windows\Res\player.ico">
      <Filter>Private\Windows\Res</Filter>
    </None>
    <None Include="C:\GameMath\gamemath-4-3c\Source\Player\Private\Windows\Res\player_small.ico">
      <Filter>Private\Windows\Res</Filter>
    </None>
  </ItemGroup>
  <ItemGroup>
    <ResourceCompile Include="C:\GameMath\gamemath-4-3c\Source\Player\Private\Windows\Res\player.rc">
      <Filter>Private\Windows\Res</Filter>
    </ResourceCompile>
  </ItemGroup>
  <ItemGroup>
    <Filter Include="Private">
      <UniqueIdentifier>{63EB2ADB-62CF-3432-AD2A-0F705B785F65}</UniqueIdentifier>
    </Filter>
    <Filter Include="Private\Windows">
      <UniqueIdentifier>{1ABFF429-5DA1-32B5-848C-5C82E1175AF5}</UniqueIdentifier>
    </Filter>
    <Filter Include="Private\Windows\Res">
      <UniqueIdentifier>{D7A3796A-5106-31AF-8FD5-2E6228620BC6}</UniqueIdentifier>
    </Filter>
  </ItemGroup>
</Project>
