
Microsoft Visual Studio Solution File, Format Version 12.00
# Visual Studio Version 17
Project("{2150E333-8FDC-42A3-9474-1A3956D46DE8}") = "CMakePredefinedTargets", "CMakePredefinedTargets", "{D7AA2D6A-617F-322D-81A8-F7EB70EA05FE}"
EndProject
Project("{8BC9CEB8-8B4A-11D0-8D11-00A0C91BC942}") = "ALL_BUILD", "ALL_BUILD.vcxproj", "{F6448255-28DB-3547-A803-3BA468CC1CD9}"
	ProjectSection(ProjectDependencies) = postProject
		{7BFF258E-FD46-3E75-A823-7D0FECB3C05A} = {7BFF258E-FD46-3E75-A823-7D0FECB3C05A}
	EndProjectSection
EndProject
Project("{8BC9CEB8-8B4A-11D0-8D11-00A0C91BC942}") = "MathModule", "MathModule.vcxproj", "{7BFF258E-FD46-3E75-A823-7D0FECB3C05A}"
	ProjectSection(ProjectDependencies) = postProject
	EndProjectSection
EndProject
Global
	GlobalSection(SolutionConfigurationPlatforms) = preSolution
		Debug|x64 = Debug|x64
		Release|x64 = Release|x64
		MinSizeRel|x64 = MinSizeRel|x64
		RelWithDebInfo|x64 = RelWithDebInfo|x64
	EndGlobalSection
	GlobalSection(ProjectConfigurationPlatforms) = postSolution
		{F6448255-28DB-3547-A803-3BA468CC1CD9}.Debug|x64.ActiveCfg = Debug|x64
		{F6448255-28DB-3547-A803-3BA468CC1CD9}.Release|x64.ActiveCfg = Release|x64
		{F6448255-28DB-3547-A803-3BA468CC1CD9}.MinSizeRel|x64.ActiveCfg = MinSizeRel|x64
		{F6448255-28DB-3547-A803-3BA468CC1CD9}.RelWithDebInfo|x64.ActiveCfg = RelWithDebInfo|x64
		{7BFF258E-FD46-3E75-A823-7D0FECB3C05A}.Debug|x64.ActiveCfg = Debug|x64
		{7BFF258E-FD46-3E75-A823-7D0FECB3C05A}.Debug|x64.Build.0 = Debug|x64
		{7BFF258E-FD46-3E75-A823-7D0FECB3C05A}.Release|x64.ActiveCfg = Release|x64
		{7BFF258E-FD46-3E75-A823-7D0FECB3C05A}.Release|x64.Build.0 = Release|x64
		{7BFF258E-FD46-3E75-A823-7D0FECB3C05A}.MinSizeRel|x64.ActiveCfg = MinSizeRel|x64
		{7BFF258E-FD46-3E75-A823-7D0FECB3C05A}.MinSizeRel|x64.Build.0 = MinSizeRel|x64
		{7BFF258E-FD46-3E75-A823-7D0FECB3C05A}.RelWithDebInfo|x64.ActiveCfg = RelWithDebInfo|x64
		{7BFF258E-FD46-3E75-A823-7D0FECB3C05A}.RelWithDebInfo|x64.Build.0 = RelWithDebInfo|x64
	EndGlobalSection
	GlobalSection(NestedProjects) = preSolution
		{F6448255-28DB-3547-A803-3BA468CC1CD9} = {D7AA2D6A-617F-322D-81A8-F7EB70EA05FE}
	EndGlobalSection
	GlobalSection(ExtensibilityGlobals) = postSolution
		SolutionGuid = {B8F695C6-29FA-3D53-94E1-7BF796188EC5}
	EndGlobalSection
	GlobalSection(ExtensibilityAddIns) = postSolution
	EndGlobalSection
EndGlobal
