
Microsoft Visual Studio Solution File, Format Version 12.00
# Visual Studio Version 17
Project("{2150E333-8FDC-42A3-9474-1A3956D46DE8}") = "CMakePredefinedTargets", "CMakePredefinedTargets", "{14AC3006-BD4D-3981-9A26-5B5AF5AA67E5}"
EndProject
Project("{8BC9CEB8-8B4A-11D0-8D11-00A0C91BC942}") = "ALL_BUILD", "ALL_BUILD.vcxproj", "{096537CE-0C58-3400-B301-67C698845AD2}"
	ProjectSection(ProjectDependencies) = postProject
		{E68E2A87-9449-3BC8-BE3D-EB008CCC9189} = {E68E2A87-9449-3BC8-BE3D-EB008CCC9189}
	EndProjectSection
EndProject
Project("{8BC9CEB8-8B4A-11D0-8D11-00A0C91BC942}") = "MathModule", "MathModule.vcxproj", "{E68E2A87-9449-3BC8-BE3D-EB008CCC9189}"
	ProjectSection(ProjectDependencies) = postProject
	EndProjectSection
EndProject
Global
	GlobalSection(SolutionConfigurationPlatforms) = preSolution
		Debug|x64 = Debug|x64
		Release|x64 = Release|x64
		MinSizeRel|x64 = MinSizeRel|x64
		RelWithDebInfo|x64 = RelWithDebInfo|x64
	EndGlobalSection
	GlobalSection(ProjectConfigurationPlatforms) = postSolution
		{096537CE-0C58-3400-B301-67C698845AD2}.Debug|x64.ActiveCfg = Debug|x64
		{096537CE-0C58-3400-B301-67C698845AD2}.Release|x64.ActiveCfg = Release|x64
		{096537CE-0C58-3400-B301-67C698845AD2}.MinSizeRel|x64.ActiveCfg = MinSizeRel|x64
		{096537CE-0C58-3400-B301-67C698845AD2}.RelWithDebInfo|x64.ActiveCfg = RelWithDebInfo|x64
		{E68E2A87-9449-3BC8-BE3D-EB008CCC9189}.Debug|x64.ActiveCfg = Debug|x64
		{E68E2A87-9449-3BC8-BE3D-EB008CCC9189}.Debug|x64.Build.0 = Debug|x64
		{E68E2A87-9449-3BC8-BE3D-EB008CCC9189}.Release|x64.ActiveCfg = Release|x64
		{E68E2A87-9449-3BC8-BE3D-EB008CCC9189}.Release|x64.Build.0 = Release|x64
		{E68E2A87-9449-3BC8-BE3D-EB008CCC9189}.MinSizeRel|x64.ActiveCfg = MinSizeRel|x64
		{E68E2A87-9449-3BC8-BE3D-EB008CCC9189}.MinSizeRel|x64.Build.0 = MinSizeRel|x64
		{E68E2A87-9449-3BC8-BE3D-EB008CCC9189}.RelWithDebInfo|x64.ActiveCfg = RelWithDebInfo|x64
		{E68E2A87-9449-3BC8-BE3D-EB008CCC9189}.RelWithDebInfo|x64.Build.0 = RelWithDebInfo|x64
	EndGlobalSection
	GlobalSection(NestedProjects) = preSolution
		{096537CE-0C58-3400-B301-67C698845AD2} = {14AC3006-BD4D-3981-9A26-5B5AF5AA67E5}
	EndGlobalSection
	GlobalSection(ExtensibilityGlobals) = postSolution
		SolutionGuid = {8A51889B-7977-359E-B4AD-87F8DD3C505B}
	EndGlobalSection
	GlobalSection(ExtensibilityAddIns) = postSolution
	EndGlobalSection
EndGlobal
