<?xml version="1.0" encoding="utf-8"?>
<Project ToolsVersion="17.0" xmlns="http://schemas.microsoft.com/developer/msbuild/2003">
  <ItemGroup>
    <ClCompile Include="C:\GameMath\gamemath-13-5\Source\Runtime\Engine\Precompiled.cpp" />
    <ClCompile Include="C:\GameMath\gamemath-13-5\Source\Runtime\Engine\Private\2D\CameraObject.cpp">
      <Filter>Private\2D</Filter>
    </ClCompile>
    <ClCompile Include="C:\GameMath\gamemath-13-5\Source\Runtime\Engine\Private\2D\GameEngine.cpp">
      <Filter>Private\2D</Filter>
    </ClCompile>
    <ClCompile Include="C:\GameMath\gamemath-13-5\Source\Runtime\Engine\Private\2D\GameObject.cpp">
      <Filter>Private\2D</Filter>
    </ClCompile>
    <ClCompile Include="C:\GameMath\gamemath-13-5\Source\Runtime\Engine\Private\2D\Mesh.cpp">
      <Filter>Private\2D</Filter>
    </ClCompile>
    <ClCompile Include="C:\GameMath\gamemath-13-5\Source\Runtime\Engine\Private\2D\TransformComponent.cpp">
      <Filter>Private\2D</Filter>
    </ClCompile>
    <ClCompile Include="C:\GameMath\gamemath-13-5\Source\Runtime\Engine\Private\3D\Bone.cpp">
      <Filter>Private\3D</Filter>
    </ClCompile>
    <ClCompile Include="C:\GameMath\gamemath-13-5\Source\Runtime\Engine\Private\3D\CameraObject.cpp">
      <Filter>Private\3D</Filter>
    </ClCompile>
    <ClCompile Include="C:\GameMath\gamemath-13-5\Source\Runtime\Engine\Private\3D\GameEngine.cpp">
      <Filter>Private\3D</Filter>
    </ClCompile>
    <ClCompile Include="C:\GameMath\gamemath-13-5\Source\Runtime\Engine\Private\3D\GameObject.cpp">
      <Filter>Private\3D</Filter>
    </ClCompile>
    <ClCompile Include="C:\GameMath\gamemath-13-5\Source\Runtime\Engine\Private\3D\Mesh.cpp">
      <Filter>Private\3D</Filter>
    </ClCompile>
    <ClCompile Include="C:\GameMath\gamemath-13-5\Source\Runtime\Engine\Private\3D\TransformComponent.cpp">
      <Filter>Private\3D</Filter>
    </ClCompile>
    <ClCompile Include="C:\GameMath\gamemath-13-5\Source\Runtime\Engine\Private\InputManager.cpp">
      <Filter>Private</Filter>
    </ClCompile>
    <ClCompile Include="C:\GameMath\gamemath-13-5\Source\Runtime\Engine\Private\Texture.cpp">
      <Filter>Private</Filter>
    </ClCompile>
  </ItemGroup>
  <ItemGroup>
    <ClInclude Include="C:\GameMath\gamemath-13-5\Source\Runtime\Engine\Precompiled.h" />
    <ClInclude Include="C:\GameMath\gamemath-13-5\Source\Runtime\Engine\Public\2D\CameraObject.h">
      <Filter>Public\2D</Filter>
    </ClInclude>
    <ClInclude Include="C:\GameMath\gamemath-13-5\Source\Runtime\Engine\Public\2D\GameEngine.h">
      <Filter>Public\2D</Filter>
    </ClInclude>
    <ClInclude Include="C:\GameMath\gamemath-13-5\Source\Runtime\Engine\Public\2D\GameObject.h">
      <Filter>Public\2D</Filter>
    </ClInclude>
    <ClInclude Include="C:\GameMath\gamemath-13-5\Source\Runtime\Engine\Public\2D\Mesh.h">
      <Filter>Public\2D</Filter>
    </ClInclude>
    <ClInclude Include="C:\GameMath\gamemath-13-5\Source\Runtime\Engine\Public\2D\TransformComponent.h">
      <Filter>Public\2D</Filter>
    </ClInclude>
    <ClInclude Include="C:\GameMath\gamemath-13-5\Source\Runtime\Engine\Public\3D\CameraObject.h">
      <Filter>Public\3D</Filter>
    </ClInclude>
    <ClInclude Include="C:\GameMath\gamemath-13-5\Source\Runtime\Engine\Public\3D\GameEngine.h">
      <Filter>Public\3D</Filter>
    </ClInclude>
    <ClInclude Include="C:\GameMath\gamemath-13-5\Source\Runtime\Engine\Public\3D\GameObject.h">
      <Filter>Public\3D</Filter>
    </ClInclude>
    <ClInclude Include="C:\GameMath\gamemath-13-5\Source\Runtime\Engine\Public\3D\Mesh.h">
      <Filter>Public\3D</Filter>
    </ClInclude>
    <ClInclude Include="C:\GameMath\gamemath-13-5\Source\Runtime\Engine\Public\3D\Resources.h">
      <Filter>Public\3D</Filter>
    </ClInclude>
    <ClInclude Include="C:\GameMath\gamemath-13-5\Source\Runtime\Engine\Public\3D\TransformComponent.h">
      <Filter>Public\3D</Filter>
    </ClInclude>
    <ClInclude Include="C:\GameMath\gamemath-13-5\Source\Runtime\Engine\Public\EngineHeaders.h">
      <Filter>Public</Filter>
    </ClInclude>
    <ClInclude Include="C:\GameMath\gamemath-13-5\Source\Runtime\Engine\Public\EngineInterface.h">
      <Filter>Public</Filter>
    </ClInclude>
    <ClInclude Include="C:\GameMath\gamemath-13-5\Source\Runtime\Engine\Public\InputManager.h">
      <Filter>Public</Filter>
    </ClInclude>
    <ClInclude Include="C:\GameMath\gamemath-13-5\Source\Runtime\Engine\Public\Texture.h">
      <Filter>Public</Filter>
    </ClInclude>
    <ClInclude Include="C:\GameMath\gamemath-13-5\Source\Runtime\Engine\ThirdParty\Stb\stb.h">
      <Filter>ThirdParty\Stb</Filter>
    </ClInclude>
    <ClInclude Include="C:\GameMath\gamemath-13-5\Source\Runtime\Engine\ThirdParty\Stb\stb_c_lexer.h">
      <Filter>ThirdParty\Stb</Filter>
    </ClInclude>
    <ClInclude Include="C:\GameMath\gamemath-13-5\Source\Runtime\Engine\ThirdParty\Stb\stb_connected_components.h">
      <Filter>ThirdParty\Stb</Filter>
    </ClInclude>
    <ClInclude Include="C:\GameMath\gamemath-13-5\Source\Runtime\Engine\ThirdParty\Stb\stb_divide.h">
      <Filter>ThirdParty\Stb</Filter>
    </ClInclude>
    <ClInclude Include="C:\GameMath\gamemath-13-5\Source\Runtime\Engine\ThirdParty\Stb\stb_ds.h">
      <Filter>ThirdParty\Stb</Filter>
    </ClInclude>
    <ClInclude Include="C:\GameMath\gamemath-13-5\Source\Runtime\Engine\ThirdParty\Stb\stb_dxt.h">
      <Filter>ThirdParty\Stb</Filter>
    </ClInclude>
    <ClInclude Include="C:\GameMath\gamemath-13-5\Source\Runtime\Engine\ThirdParty\Stb\stb_easy_font.h">
      <Filter>ThirdParty\Stb</Filter>
    </ClInclude>
    <ClInclude Include="C:\GameMath\gamemath-13-5\Source\Runtime\Engine\ThirdParty\Stb\stb_herringbone_wang_tile.h">
      <Filter>ThirdParty\Stb</Filter>
    </ClInclude>
    <ClInclude Include="C:\GameMath\gamemath-13-5\Source\Runtime\Engine\ThirdParty\Stb\stb_image.h">
      <Filter>ThirdParty\Stb</Filter>
    </ClInclude>
    <ClInclude Include="C:\GameMath\gamemath-13-5\Source\Runtime\Engine\ThirdParty\Stb\stb_image_resize.h">
      <Filter>ThirdParty\Stb</Filter>
    </ClInclude>
    <ClInclude Include="C:\GameMath\gamemath-13-5\Source\Runtime\Engine\ThirdParty\Stb\stb_image_write.h">
      <Filter>ThirdParty\Stb</Filter>
    </ClInclude>
    <ClInclude Include="C:\GameMath\gamemath-13-5\Source\Runtime\Engine\ThirdParty\Stb\stb_include.h">
      <Filter>ThirdParty\Stb</Filter>
    </ClInclude>
    <ClInclude Include="C:\GameMath\gamemath-13-5\Source\Runtime\Engine\ThirdParty\Stb\stb_leakcheck.h">
      <Filter>ThirdParty\Stb</Filter>
    </ClInclude>
    <ClInclude Include="C:\GameMath\gamemath-13-5\Source\Runtime\Engine\ThirdParty\Stb\stb_perlin.h">
      <Filter>ThirdParty\Stb</Filter>
    </ClInclude>
    <ClInclude Include="C:\GameMath\gamemath-13-5\Source\Runtime\Engine\ThirdParty\Stb\stb_rect_pack.h">
      <Filter>ThirdParty\Stb</Filter>
    </ClInclude>
    <ClInclude Include="C:\GameMath\gamemath-13-5\Source\Runtime\Engine\ThirdParty\Stb\stb_sprintf.h">
      <Filter>ThirdParty\Stb</Filter>
    </ClInclude>
    <ClInclude Include="C:\GameMath\gamemath-13-5\Source\Runtime\Engine\ThirdParty\Stb\stb_textedit.h">
      <Filter>ThirdParty\Stb</Filter>
    </ClInclude>
    <ClInclude Include="C:\GameMath\gamemath-13-5\Source\Runtime\Engine\ThirdParty\Stb\stb_tilemap_editor.h">
      <Filter>ThirdParty\Stb</Filter>
    </ClInclude>
    <ClInclude Include="C:\GameMath\gamemath-13-5\Source\Runtime\Engine\ThirdParty\Stb\stb_truetype.h">
      <Filter>ThirdParty\Stb</Filter>
    </ClInclude>
    <ClInclude Include="C:\GameMath\gamemath-13-5\Source\Runtime\Engine\ThirdParty\Stb\stb_voxel_render.h">
      <Filter>ThirdParty\Stb</Filter>
    </ClInclude>
    <ClInclude Include="C:\GameMath\gamemath-13-5\Source\Runtime\Engine\ThirdParty\Stb\stretchy_buffer.h">
      <Filter>ThirdParty\Stb</Filter>
    </ClInclude>
  </ItemGroup>
  <ItemGroup>
    <Filter Include="Private">
      <UniqueIdentifier>{87660C58-8692-37CA-9080-5BB6EDC0AB81}</UniqueIdentifier>
    </Filter>
    <Filter Include="Private\2D">
      <UniqueIdentifier>{FFA046A3-12BB-3B03-910D-C609E8B08C92}</UniqueIdentifier>
    </Filter>
    <Filter Include="Private\3D">
      <UniqueIdentifier>{36AF5C3B-22FA-3A0C-87B1-512CD43B08ED}</UniqueIdentifier>
    </Filter>
    <Filter Include="Public">
      <UniqueIdentifier>{5BAF683B-E062-3A29-B8DD-D29A960674AE}</UniqueIdentifier>
    </Filter>
    <Filter Include="Public\2D">
      <UniqueIdentifier>{56B4BA93-CB5C-3E8D-8117-F0403A45B458}</UniqueIdentifier>
    </Filter>
    <Filter Include="Public\3D">
      <UniqueIdentifier>{F68D754A-76CB-3991-A0CD-37070C1572BB}</UniqueIdentifier>
    </Filter>
    <Filter Include="ThirdParty">
      <UniqueIdentifier>{8BFE9029-2D03-3D18-BD16-C4E3471F6AAE}</UniqueIdentifier>
    </Filter>
    <Filter Include="ThirdParty\Stb">
      <UniqueIdentifier>{3647602F-3FCA-3445-B273-34BF7DA6BE0C}</UniqueIdentifier>
    </Filter>
  </ItemGroup>
</Project>
