
Microsoft Visual Studio Solution File, Format Version 12.00
# Visual Studio Version 17
Project("{2150E333-8FDC-42A3-9474-1A3956D46DE8}") = "CMakePredefinedTargets", "CMakePredefinedTargets", "{7E8B7DBA-83D9-35A5-87D6-61AE5E73C71E}"
EndProject
Project("{8BC9CEB8-8B4A-11D0-8D11-00A0C91BC942}") = "ALL_BUILD", "ALL_BUILD.vcxproj", "{09212802-321B-3168-9B6B-29CD49C9D38C}"
	ProjectSection(ProjectDependencies) = postProject
		{016C645A-CD99-3788-BDA0-5AC68FC4A193} = {016C645A-CD99-3788-BDA0-5AC68FC4A193}
	EndProjectSection
EndProject
Project("{8BC9CEB8-8B4A-11D0-8D11-00A0C91BC942}") = "MathModule", "..\Math\MathModule.vcxproj", "{D2A6B324-AADA-34BE-9778-4097DE54E78A}"
	ProjectSection(ProjectDependencies) = postProject
	EndProjectSection
EndProject
Project("{8BC9CEB8-8B4A-11D0-8D11-00A0C91BC942}") = "RendererModule", "RendererModule.vcxproj", "{016C645A-CD99-3788-BDA0-5AC68FC4A193}"
	ProjectSection(ProjectDependencies) = postProject
		{D2A6B324-AADA-34BE-9778-4097DE54E78A} = {D2A6B324-AADA-34BE-9778-4097DE54E78A}
	EndProjectSection
EndProject
Global
	GlobalSection(SolutionConfigurationPlatforms) = preSolution
		Debug|x64 = Debug|x64
		Release|x64 = Release|x64
		MinSizeRel|x64 = MinSizeRel|x64
		RelWithDebInfo|x64 = RelWithDebInfo|x64
	EndGlobalSection
	GlobalSection(ProjectConfigurationPlatforms) = postSolution
		{09212802-321B-3168-9B6B-29CD49C9D38C}.Debug|x64.ActiveCfg = Debug|x64
		{09212802-321B-3168-9B6B-29CD49C9D38C}.Release|x64.ActiveCfg = Release|x64
		{09212802-321B-3168-9B6B-29CD49C9D38C}.MinSizeRel|x64.ActiveCfg = MinSizeRel|x64
		{09212802-321B-3168-9B6B-29CD49C9D38C}.RelWithDebInfo|x64.ActiveCfg = RelWithDebInfo|x64
		{D2A6B324-AADA-34BE-9778-4097DE54E78A}.Debug|x64.ActiveCfg = Debug|x64
		{D2A6B324-AADA-34BE-9778-4097DE54E78A}.Debug|x64.Build.0 = Debug|x64
		{D2A6B324-AADA-34BE-9778-4097DE54E78A}.Release|x64.ActiveCfg = Release|x64
		{D2A6B324-AADA-34BE-9778-4097DE54E78A}.Release|x64.Build.0 = Release|x64
		{D2A6B324-AADA-34BE-9778-4097DE54E78A}.MinSizeRel|x64.ActiveCfg = MinSizeRel|x64
		{D2A6B324-AADA-34BE-9778-4097DE54E78A}.MinSizeRel|x64.Build.0 = MinSizeRel|x64
		{D2A6B324-AADA-34BE-9778-4097DE54E78A}.RelWithDebInfo|x64.ActiveCfg = RelWithDebInfo|x64
		{D2A6B324-AADA-34BE-9778-4097DE54E78A}.RelWithDebInfo|x64.Build.0 = RelWithDebInfo|x64
		{016C645A-CD99-3788-BDA0-5AC68FC4A193}.Debug|x64.ActiveCfg = Debug|x64
		{016C645A-CD99-3788-BDA0-5AC68FC4A193}.Debug|x64.Build.0 = Debug|x64
		{016C645A-CD99-3788-BDA0-5AC68FC4A193}.Release|x64.ActiveCfg = Release|x64
		{016C645A-CD99-3788-BDA0-5AC68FC4A193}.Release|x64.Build.0 = Release|x64
		{016C645A-CD99-3788-BDA0-5AC68FC4A193}.MinSizeRel|x64.ActiveCfg = MinSizeRel|x64
		{016C645A-CD99-3788-BDA0-5AC68FC4A193}.MinSizeRel|x64.Build.0 = MinSizeRel|x64
		{016C645A-CD99-3788-BDA0-5AC68FC4A193}.RelWithDebInfo|x64.ActiveCfg = RelWithDebInfo|x64
		{016C645A-CD99-3788-BDA0-5AC68FC4A193}.RelWithDebInfo|x64.Build.0 = RelWithDebInfo|x64
	EndGlobalSection
	GlobalSection(NestedProjects) = preSolution
		{09212802-321B-3168-9B6B-29CD49C9D38C} = {7E8B7DBA-83D9-35A5-87D6-61AE5E73C71E}
	EndGlobalSection
	GlobalSection(ExtensibilityGlobals) = postSolution
		SolutionGuid = {4D2E4998-54A6-3830-8CCF-1D525F9A9534}
	EndGlobalSection
	GlobalSection(ExtensibilityAddIns) = postSolution
	EndGlobalSection
EndGlobal
