<?xml version="1.0" encoding="utf-8"?>
<Project ToolsVersion="17.0" xmlns="http://schemas.microsoft.com/developer/msbuild/2003">
  <ItemGroup>
    <ClCompile Include="C:\GameMath\gamemath-13-2c\Source\Player\Precompiled.cpp" />
    <ClCompile Include="C:\GameMath\gamemath-13-2c\Source\Player\Private\SystemInputManager.cpp">
      <Filter>Private</Filter>
    </ClCompile>
    <ClCompile Include="C:\GameMath\gamemath-13-2c\Source\Player\SoftRenderer.cpp" />
    <ClCompile Include="C:\GameMath\gamemath-13-2c\Source\Player\SoftRenderer2D.cpp" />
    <ClCompile Include="C:\GameMath\gamemath-13-2c\Source\Player\SoftRenderer3D.cpp" />
    <ClCompile Include="C:\GameMath\gamemath-13-2c\Source\Player\Private\Windows\WindowsApp.cpp">
      <Filter>Private\Windows</Filter>
    </ClCompile>
  </ItemGroup>
  <ItemGroup>
    <ClInclude Include="C:\GameMath\gamemath-13-2c\Source\Player\Precompiled.h" />
    <ClInclude Include="C:\GameMath\gamemath-13-2c\Source\Player\SoftRenderer.h" />
    <ClInclude Include="C:\GameMath\gamemath-13-2c\Source\Player\SystemInputManager.h" />
    <ClInclude Include="C:\GameMath\gamemath-13-2c\Source\Player\Private\Windows\Res\resource.h">
      <Filter>Private\Windows\Res</Filter>
    </ClInclude>
    <ClInclude Include="C:\GameMath\gamemath-13-2c\Source\Player\Private\Windows\WindowsPlayer.h">
      <Filter>Private\Windows</Filter>
    </ClInclude>
    <ClInclude Include="C:\GameMath\gamemath-13-2c\Source\Player\Private\Windows\WindowsUtil.h">
      <Filter>Private\Windows</Filter>
    </ClInclude>
  </ItemGroup>
  <ItemGroup>
    <None Include="C:\GameMath\gamemath-13-2c\Source\Player\Private\Windows\Res\player.ico">
      <Filter>Private\Windows\Res</Filter>
    </None>
    <None Include="C:\GameMath\gamemath-13-2c\Source\Player\Private\Windows\Res\player_small.ico">
      <Filter>Private\Windows\Res</Filter>
    </None>
  </ItemGroup>
  <ItemGroup>
    <ResourceCompile Include="C:\GameMath\gamemath-13-2c\Source\Player\Private\Windows\Res\player.rc">
      <Filter>Private\Windows\Res</Filter>
    </ResourceCompile>
  </ItemGroup>
  <ItemGroup>
    <Filter Include="Private">
      <UniqueIdentifier>{7988D6E5-D792-3E51-8FAE-8109995E4AF6}</UniqueIdentifier>
    </Filter>
    <Filter Include="Private\Windows">
      <UniqueIdentifier>{3C1244B4-3E53-3804-8D0A-21EF0485F350}</UniqueIdentifier>
    </Filter>
    <Filter Include="Private\Windows\Res">
      <UniqueIdentifier>{A6B75F68-DAF5-3342-9866-7807D0ECEC4F}</UniqueIdentifier>
    </Filter>
  </ItemGroup>
</Project>
