<?xml version="1.0" encoding="utf-8"?>
<Project ToolsVersion="17.0" xmlns="http://schemas.microsoft.com/developer/msbuild/2003">
  <ItemGroup>
    <ClCompile Include="C:\GameMath\gamemath-11-3c\Source\Runtime\Renderer\Precompiled.cpp" />
    <ClCompile Include="C:\GameMath\gamemath-11-3c\Source\Runtime\Renderer\Private\2D\Shader.cpp">
      <Filter>Private\2D</Filter>
    </ClCompile>
    <ClCompile Include="C:\GameMath\gamemath-11-3c\Source\Runtime\Renderer\Private\2D\Vertex.cpp">
      <Filter>Private\2D</Filter>
    </ClCompile>
    <ClCompile Include="C:\GameMath\gamemath-11-3c\Source\Runtime\Renderer\Private\3D\PerspectiveTest.cpp">
      <Filter>Private\3D</Filter>
    </ClCompile>
    <ClCompile Include="C:\GameMath\gamemath-11-3c\Source\Runtime\Renderer\Private\3D\Shader.cpp">
      <Filter>Private\3D</Filter>
    </ClCompile>
    <ClCompile Include="C:\GameMath\gamemath-11-3c\Source\Runtime\Renderer\Private\3D\Vertex.cpp">
      <Filter>Private\3D</Filter>
    </ClCompile>
    <ClCompile Include="C:\GameMath\gamemath-11-3c\Source\Runtime\Renderer\Private\Windows\WindowsGDI.cpp">
      <Filter>Private\Windows</Filter>
    </ClCompile>
    <ClCompile Include="C:\GameMath\gamemath-11-3c\Source\Runtime\Renderer\Private\Windows\WindowsRSI.cpp">
      <Filter>Private\Windows</Filter>
    </ClCompile>
  </ItemGroup>
  <ItemGroup>
    <ClInclude Include="C:\GameMath\gamemath-11-3c\Source\Runtime\Renderer\Precompiled.h" />
    <ClInclude Include="C:\GameMath\gamemath-11-3c\Source\Runtime\Renderer\Public\2D\Shader.h">
      <Filter>Public\2D</Filter>
    </ClInclude>
    <ClInclude Include="C:\GameMath\gamemath-11-3c\Source\Runtime\Renderer\Public\2D\Vertex.h">
      <Filter>Public\2D</Filter>
    </ClInclude>
    <ClInclude Include="C:\GameMath\gamemath-11-3c\Source\Runtime\Renderer\Public\3D\PerspectiveTest.h">
      <Filter>Public\3D</Filter>
    </ClInclude>
    <ClInclude Include="C:\GameMath\gamemath-11-3c\Source\Runtime\Renderer\Public\3D\Shader.h">
      <Filter>Public\3D</Filter>
    </ClInclude>
    <ClInclude Include="C:\GameMath\gamemath-11-3c\Source\Runtime\Renderer\Public\3D\Vertex.h">
      <Filter>Public\3D</Filter>
    </ClInclude>
    <ClInclude Include="C:\GameMath\gamemath-11-3c\Source\Runtime\Renderer\Public\RendererHeaders.h">
      <Filter>Public</Filter>
    </ClInclude>
    <ClInclude Include="C:\GameMath\gamemath-11-3c\Source\Runtime\Renderer\Public\RendererInterface.h">
      <Filter>Public</Filter>
    </ClInclude>
    <ClInclude Include="C:\GameMath\gamemath-11-3c\Source\Runtime\Renderer\Public\Windows\WindowsGDI.h">
      <Filter>Public\Windows</Filter>
    </ClInclude>
    <ClInclude Include="C:\GameMath\gamemath-11-3c\Source\Runtime\Renderer\Public\Windows\WindowsRSI.h">
      <Filter>Public\Windows</Filter>
    </ClInclude>
  </ItemGroup>
  <ItemGroup>
    <Filter Include="Private">
      <UniqueIdentifier>{C16BE052-E64F-37EF-8B53-FAAF14A629DA}</UniqueIdentifier>
    </Filter>
    <Filter Include="Private\2D">
      <UniqueIdentifier>{602EA21E-F206-3BCD-878B-EC0B3219E138}</UniqueIdentifier>
    </Filter>
    <Filter Include="Private\3D">
      <UniqueIdentifier>{C50AE5E5-E1A4-38FB-8731-F40B87FCA36B}</UniqueIdentifier>
    </Filter>
    <Filter Include="Private\Windows">
      <UniqueIdentifier>{E5EFE4AB-163C-3443-802C-067DD9EDAE63}</UniqueIdentifier>
    </Filter>
    <Filter Include="Public">
      <UniqueIdentifier>{B031479B-6DF2-38CD-AE21-92B579E8453C}</UniqueIdentifier>
    </Filter>
    <Filter Include="Public\2D">
      <UniqueIdentifier>{E0711894-60D0-3C5B-82C9-21EE927A930C}</UniqueIdentifier>
    </Filter>
    <Filter Include="Public\3D">
      <UniqueIdentifier>{5AB4CB5D-BA76-3252-A658-F774959FB121}</UniqueIdentifier>
    </Filter>
    <Filter Include="Public\Windows">
      <UniqueIdentifier>{42DC058B-037D-3DD3-94EE-6DD64DD6868D}</UniqueIdentifier>
    </Filter>
  </ItemGroup>
</Project>
