
Microsoft Visual Studio Solution File, Format Version 12.00
# Visual Studio Version 17
Project("{2150E333-8FDC-42A3-9474-1A3956D46DE8}") = "CMakePredefinedTargets", "CMakePredefinedTargets", "{DAC5770C-7347-3AF7-9D65-67A09E926A21}"
EndProject
Project("{8BC9CEB8-8B4A-11D0-8D11-00A0C91BC942}") = "ALL_BUILD", "ALL_BUILD.vcxproj", "{F18C4FA5-D610-3705-A900-02D07F13A405}"
	ProjectSection(ProjectDependencies) = postProject
		{DE375942-F659-37AB-A9AB-EEB8C6025FA7} = {DE375942-F659-37AB-A9AB-EEB8C6025FA7}
	EndProjectSection
EndProject
Project("{8BC9CEB8-8B4A-11D0-8D11-00A0C91BC942}") = "MathModule", "..\Math\MathModule.vcxproj", "{74DAB1DD-A76C-35E6-A755-C6599C5862D2}"
	ProjectSection(ProjectDependencies) = postProject
	EndProjectSection
EndProject
Project("{8BC9CEB8-8B4A-11D0-8D11-00A0C91BC942}") = "RendererModule", "RendererModule.vcxproj", "{DE375942-F659-37AB-A9AB-EEB8C6025FA7}"
	ProjectSection(ProjectDependencies) = postProject
		{74DAB1DD-A76C-35E6-A755-C6599C5862D2} = {74DAB1DD-A76C-35E6-A755-C6599C5862D2}
	EndProjectSection
EndProject
Global
	GlobalSection(SolutionConfigurationPlatforms) = preSolution
		Debug|x64 = Debug|x64
		Release|x64 = Release|x64
		MinSizeRel|x64 = MinSizeRel|x64
		RelWithDebInfo|x64 = RelWithDebInfo|x64
	EndGlobalSection
	GlobalSection(ProjectConfigurationPlatforms) = postSolution
		{F18C4FA5-D610-3705-A900-02D07F13A405}.Debug|x64.ActiveCfg = Debug|x64
		{F18C4FA5-D610-3705-A900-02D07F13A405}.Release|x64.ActiveCfg = Release|x64
		{F18C4FA5-D610-3705-A900-02D07F13A405}.MinSizeRel|x64.ActiveCfg = MinSizeRel|x64
		{F18C4FA5-D610-3705-A900-02D07F13A405}.RelWithDebInfo|x64.ActiveCfg = RelWithDebInfo|x64
		{74DAB1DD-A76C-35E6-A755-C6599C5862D2}.Debug|x64.ActiveCfg = Debug|x64
		{74DAB1DD-A76C-35E6-A755-C6599C5862D2}.Debug|x64.Build.0 = Debug|x64
		{74DAB1DD-A76C-35E6-A755-C6599C5862D2}.Release|x64.ActiveCfg = Release|x64
		{74DAB1DD-A76C-35E6-A755-C6599C5862D2}.Release|x64.Build.0 = Release|x64
		{74DAB1DD-A76C-35E6-A755-C6599C5862D2}.MinSizeRel|x64.ActiveCfg = MinSizeRel|x64
		{74DAB1DD-A76C-35E6-A755-C6599C5862D2}.MinSizeRel|x64.Build.0 = MinSizeRel|x64
		{74DAB1DD-A76C-35E6-A755-C6599C5862D2}.RelWithDebInfo|x64.ActiveCfg = RelWithDebInfo|x64
		{74DAB1DD-A76C-35E6-A755-C6599C5862D2}.RelWithDebInfo|x64.Build.0 = RelWithDebInfo|x64
		{DE375942-F659-37AB-A9AB-EEB8C6025FA7}.Debug|x64.ActiveCfg = Debug|x64
		{DE375942-F659-37AB-A9AB-EEB8C6025FA7}.Debug|x64.Build.0 = Debug|x64
		{DE375942-F659-37AB-A9AB-EEB8C6025FA7}.Release|x64.ActiveCfg = Release|x64
		{DE375942-F659-37AB-A9AB-EEB8C6025FA7}.Release|x64.Build.0 = Release|x64
		{DE375942-F659-37AB-A9AB-EEB8C6025FA7}.MinSizeRel|x64.ActiveCfg = MinSizeRel|x64
		{DE375942-F659-37AB-A9AB-EEB8C6025FA7}.MinSizeRel|x64.Build.0 = MinSizeRel|x64
		{DE375942-F659-37AB-A9AB-EEB8C6025FA7}.RelWithDebInfo|x64.ActiveCfg = RelWithDebInfo|x64
		{DE375942-F659-37AB-A9AB-EEB8C6025FA7}.RelWithDebInfo|x64.Build.0 = RelWithDebInfo|x64
	EndGlobalSection
	GlobalSection(NestedProjects) = preSolution
		{F18C4FA5-D610-3705-A900-02D07F13A405} = {DAC5770C-7347-3AF7-9D65-67A09E926A21}
	EndGlobalSection
	GlobalSection(ExtensibilityGlobals) = postSolution
		SolutionGuid = {F5A455F8-5969-3E18-8EF8-BFE57694D077}
	EndGlobalSection
	GlobalSection(ExtensibilityAddIns) = postSolution
	EndGlobalSection
EndGlobal
