
Microsoft Visual Studio Solution File, Format Version 12.00
# Visual Studio Version 17
Project("{2150E333-8FDC-42A3-9474-1A3956D46DE8}") = "CMakePredefinedTargets", "CMakePredefinedTargets", "{D171C74C-D1A7-347C-969E-45F708FBC98E}"
EndProject
Project("{8BC9CEB8-8B4A-11D0-8D11-00A0C91BC942}") = "ALL_BUILD", "ALL_BUILD.vcxproj", "{87CD736F-5D97-3E3B-A680-9FCE0E479D16}"
	ProjectSection(ProjectDependencies) = postProject
		{C0E7C09D-5BCC-3D44-AA9B-B5FE0AD52C86} = {C0E7C09D-5BCC-3D44-AA9B-B5FE0AD52C86}
	EndProjectSection
EndProject
Project("{8BC9CEB8-8B4A-11D0-8D11-00A0C91BC942}") = "MathModule", "MathModule.vcxproj", "{C0E7C09D-5BCC-3D44-AA9B-B5FE0AD52C86}"
	ProjectSection(ProjectDependencies) = postProject
	EndProjectSection
EndProject
Global
	GlobalSection(SolutionConfigurationPlatforms) = preSolution
		Debug|x64 = Debug|x64
		Release|x64 = Release|x64
		MinSizeRel|x64 = MinSizeRel|x64
		RelWithDebInfo|x64 = RelWithDebInfo|x64
	EndGlobalSection
	GlobalSection(ProjectConfigurationPlatforms) = postSolution
		{87CD736F-5D97-3E3B-A680-9FCE0E479D16}.Debug|x64.ActiveCfg = Debug|x64
		{87CD736F-5D97-3E3B-A680-9FCE0E479D16}.Release|x64.ActiveCfg = Release|x64
		{87CD736F-5D97-3E3B-A680-9FCE0E479D16}.MinSizeRel|x64.ActiveCfg = MinSizeRel|x64
		{87CD736F-5D97-3E3B-A680-9FCE0E479D16}.RelWithDebInfo|x64.ActiveCfg = RelWithDebInfo|x64
		{C0E7C09D-5BCC-3D44-AA9B-B5FE0AD52C86}.Debug|x64.ActiveCfg = Debug|x64
		{C0E7C09D-5BCC-3D44-AA9B-B5FE0AD52C86}.Debug|x64.Build.0 = Debug|x64
		{C0E7C09D-5BCC-3D44-AA9B-B5FE0AD52C86}.Release|x64.ActiveCfg = Release|x64
		{C0E7C09D-5BCC-3D44-AA9B-B5FE0AD52C86}.Release|x64.Build.0 = Release|x64
		{C0E7C09D-5BCC-3D44-AA9B-B5FE0AD52C86}.MinSizeRel|x64.ActiveCfg = MinSizeRel|x64
		{C0E7C09D-5BCC-3D44-AA9B-B5FE0AD52C86}.MinSizeRel|x64.Build.0 = MinSizeRel|x64
		{C0E7C09D-5BCC-3D44-AA9B-B5FE0AD52C86}.RelWithDebInfo|x64.ActiveCfg = RelWithDebInfo|x64
		{C0E7C09D-5BCC-3D44-AA9B-B5FE0AD52C86}.RelWithDebInfo|x64.Build.0 = RelWithDebInfo|x64
	EndGlobalSection
	GlobalSection(NestedProjects) = preSolution
		{87CD736F-5D97-3E3B-A680-9FCE0E479D16} = {D171C74C-D1A7-347C-969E-45F708FBC98E}
	EndGlobalSection
	GlobalSection(ExtensibilityGlobals) = postSolution
		SolutionGuid = {33B4F50D-5729-36C8-BF62-A23A24457133}
	EndGlobalSection
	GlobalSection(ExtensibilityAddIns) = postSolution
	EndGlobalSection
EndGlobal
