<?xml version="1.0" encoding="utf-8"?>
<Project ToolsVersion="17.0" xmlns="http://schemas.microsoft.com/developer/msbuild/2003">
  <ItemGroup>
    <ClCompile Include="C:\GameMath\gamemath-12-2\Source\Player\Precompiled.cpp" />
    <ClCompile Include="C:\GameMath\gamemath-12-2\Source\Player\Private\SystemInputManager.cpp">
      <Filter>Private</Filter>
    </ClCompile>
    <ClCompile Include="C:\GameMath\gamemath-12-2\Source\Player\SoftRenderer.cpp" />
    <ClCompile Include="C:\GameMath\gamemath-12-2\Source\Player\SoftRenderer2D.cpp" />
    <ClCompile Include="C:\GameMath\gamemath-12-2\Source\Player\SoftRenderer3D.cpp" />
    <ClCompile Include="C:\GameMath\gamemath-12-2\Source\Player\Private\Windows\WindowsApp.cpp">
      <Filter>Private\Windows</Filter>
    </ClCompile>
  </ItemGroup>
  <ItemGroup>
    <ClInclude Include="C:\GameMath\gamemath-12-2\Source\Player\Precompiled.h" />
    <ClInclude Include="C:\GameMath\gamemath-12-2\Source\Player\SoftRenderer.h" />
    <ClInclude Include="C:\GameMath\gamemath-12-2\Source\Player\SystemInputManager.h" />
    <ClInclude Include="C:\GameMath\gamemath-12-2\Source\Player\Private\Windows\Res\resource.h">
      <Filter>Private\Windows\Res</Filter>
    </ClInclude>
    <ClInclude Include="C:\GameMath\gamemath-12-2\Source\Player\Private\Windows\WindowsPlayer.h">
      <Filter>Private\Windows</Filter>
    </ClInclude>
    <ClInclude Include="C:\GameMath\gamemath-12-2\Source\Player\Private\Windows\WindowsUtil.h">
      <Filter>Private\Windows</Filter>
    </ClInclude>
  </ItemGroup>
  <ItemGroup>
    <None Include="C:\GameMath\gamemath-12-2\Source\Player\Private\Windows\Res\player.ico">
      <Filter>Private\Windows\Res</Filter>
    </None>
    <None Include="C:\GameMath\gamemath-12-2\Source\Player\Private\Windows\Res\player_small.ico">
      <Filter>Private\Windows\Res</Filter>
    </None>
  </ItemGroup>
  <ItemGroup>
    <ResourceCompile Include="C:\GameMath\gamemath-12-2\Source\Player\Private\Windows\Res\player.rc">
      <Filter>Private\Windows\Res</Filter>
    </ResourceCompile>
  </ItemGroup>
  <ItemGroup>
    <Filter Include="Private">
      <UniqueIdentifier>{83B2AEBF-DB87-3C6F-AD3B-18B4DBFF61F2}</UniqueIdentifier>
    </Filter>
    <Filter Include="Private\Windows">
      <UniqueIdentifier>{1C1EBEF7-6383-3A54-ADBA-C4348AA6C70B}</UniqueIdentifier>
    </Filter>
    <Filter Include="Private\Windows\Res">
      <UniqueIdentifier>{A855CE6A-CCE0-3064-B354-4C13EDDDB734}</UniqueIdentifier>
    </Filter>
  </ItemGroup>
</Project>
