
Microsoft Visual Studio Solution File, Format Version 12.00
# Visual Studio Version 17
Project("{2150E333-8FDC-42A3-9474-1A3956D46DE8}") = "CMakePredefinedTargets", "CMakePredefinedTargets", "{33D82BF3-33DB-3552-9EFD-5FFAA52423A3}"
EndProject
Project("{8BC9CEB8-8B4A-11D0-8D11-00A0C91BC942}") = "ALL_BUILD", "ALL_BUILD.vcxproj", "{BC340343-1949-3F55-80AA-FA26FA167157}"
	ProjectSection(ProjectDependencies) = postProject
		{36A64156-3AFE-38A4-A1C4-FDDC69EE976B} = {36A64156-3AFE-38A4-A1C4-FDDC69EE976B}
	EndProjectSection
EndProject
Project("{8BC9CEB8-8B4A-11D0-8D11-00A0C91BC942}") = "MathModule", "MathModule.vcxproj", "{36A64156-3AFE-38A4-A1C4-FDDC69EE976B}"
	ProjectSection(ProjectDependencies) = postProject
	EndProjectSection
EndProject
Global
	GlobalSection(SolutionConfigurationPlatforms) = preSolution
		Debug|x64 = Debug|x64
		Release|x64 = Release|x64
		MinSizeRel|x64 = MinSizeRel|x64
		RelWithDebInfo|x64 = RelWithDebInfo|x64
	EndGlobalSection
	GlobalSection(ProjectConfigurationPlatforms) = postSolution
		{BC340343-1949-3F55-80AA-FA26FA167157}.Debug|x64.ActiveCfg = Debug|x64
		{BC340343-1949-3F55-80AA-FA26FA167157}.Release|x64.ActiveCfg = Release|x64
		{BC340343-1949-3F55-80AA-FA26FA167157}.MinSizeRel|x64.ActiveCfg = MinSizeRel|x64
		{BC340343-1949-3F55-80AA-FA26FA167157}.RelWithDebInfo|x64.ActiveCfg = RelWithDebInfo|x64
		{36A64156-3AFE-38A4-A1C4-FDDC69EE976B}.Debug|x64.ActiveCfg = Debug|x64
		{36A64156-3AFE-38A4-A1C4-FDDC69EE976B}.Debug|x64.Build.0 = Debug|x64
		{36A64156-3AFE-38A4-A1C4-FDDC69EE976B}.Release|x64.ActiveCfg = Release|x64
		{36A64156-3AFE-38A4-A1C4-FDDC69EE976B}.Release|x64.Build.0 = Release|x64
		{36A64156-3AFE-38A4-A1C4-FDDC69EE976B}.MinSizeRel|x64.ActiveCfg = MinSizeRel|x64
		{36A64156-3AFE-38A4-A1C4-FDDC69EE976B}.MinSizeRel|x64.Build.0 = MinSizeRel|x64
		{36A64156-3AFE-38A4-A1C4-FDDC69EE976B}.RelWithDebInfo|x64.ActiveCfg = RelWithDebInfo|x64
		{36A64156-3AFE-38A4-A1C4-FDDC69EE976B}.RelWithDebInfo|x64.Build.0 = RelWithDebInfo|x64
	EndGlobalSection
	GlobalSection(NestedProjects) = preSolution
		{BC340343-1949-3F55-80AA-FA26FA167157} = {33D82BF3-33DB-3552-9EFD-5FFAA52423A3}
	EndGlobalSection
	GlobalSection(ExtensibilityGlobals) = postSolution
		SolutionGuid = {1B3C5E6F-5188-3CE1-8C4A-38D0A6181F84}
	EndGlobalSection
	GlobalSection(ExtensibilityAddIns) = postSolution
	EndGlobalSection
EndGlobal
